
Microsoft Visual Studio Solution File, Format Version 12.00
# Visual Studio Version 17
VisualStudioVersion = 17.11.35327.3
MinimumVisualStudioVersion = 10.0.40219.1
Project("{FAE04EC0-301F-11D3-BF4B-00C04F79EFBC}") = "Seniunu-valdymo-sistema.Server", "Seniunu-valdymo-sistema.Server\Seniunu-valdymo-sistema.Server.csproj", "{D4B07E44-9826-4705-BB56-9766EC92E0A7}"
EndProject
Project("{54A90642-561A-4BB1-A94E-469ADEE60C69}") = "seniunu-valdymo-sistema.client", "seniunu-valdymo-sistema.client\seniunu-valdymo-sistema.client.esproj", "{AE9CAE26-DDF7-4200-B187-7332D5AE913A}"
EndProject
Global
	GlobalSection(SolutionConfigurationPlatforms) = preSolution
		Debug|Any CPU = Debug|Any CPU
		Release|Any CPU = Release|Any CPU
	EndGlobalSection
	GlobalSection(ProjectConfigurationPlatforms) = postSolution
		{D4B07E44-9826-4705-BB56-9766EC92E0A7}.Debug|Any CPU.ActiveCfg = Debug|Any CPU
		{D4B07E44-9826-4705-BB56-9766EC92E0A7}.Debug|Any CPU.Build.0 = Debug|Any CPU
		{D4B07E44-9826-4705-BB56-9766EC92E0A7}.Release|Any CPU.ActiveCfg = Release|Any CPU
		{D4B07E44-9826-4705-BB56-9766EC92E0A7}.Release|Any CPU.Build.0 = Release|Any CPU
		{AE9CAE26-DDF7-4200-B187-7332D5AE913A}.Debug|Any CPU.ActiveCfg = Debug|Any CPU
		{AE9CAE26-DDF7-4200-B187-7332D5AE913A}.Debug|Any CPU.Build.0 = Debug|Any CPU
		{AE9CAE26-DDF7-4200-B187-7332D5AE913A}.Debug|Any CPU.Deploy.0 = Debug|Any CPU
		{AE9CAE26-DDF7-4200-B187-7332D5AE913A}.Release|Any CPU.ActiveCfg = Release|Any CPU
		{AE9CAE26-DDF7-4200-B187-7332D5AE913A}.Release|Any CPU.Build.0 = Release|Any CPU
		{AE9CAE26-DDF7-4200-B187-7332D5AE913A}.Release|Any CPU.Deploy.0 = Release|Any CPU
	EndGlobalSection
	GlobalSection(SolutionProperties) = preSolution
		HideSolutionNode = FALSE
	EndGlobalSection
	GlobalSection(ExtensibilityGlobals) = postSolution
		SolutionGuid = {2BAEAD7A-482A-4720-A732-CABBEFC833D6}
	EndGlobalSection
EndGlobal
